
Microsoft Visual Studio Solution File, Format Version 12.00
# Visual Studio Version 17
VisualStudioVersion = 17.9.34728.123
MinimumVisualStudioVersion = 10.0.40219.1
Project("{8BC9CEB8-8B4A-11D0-8D11-00A0C91BC942}") = "shellcode_injection_c", "shellcode_injection_c.vcxproj", "{D718B3D7-977F-48C0-958A-C94261F6AB9D}"
EndProject
Global
	GlobalSection(SolutionConfigurationPlatforms) = preSolution
		Debug|x64 = Debug|x64
		Debug|x86 = Debug|x86
		Release|x64 = Release|x64
		Release|x86 = Release|x86
	EndGlobalSection
	GlobalSection(ProjectConfigurationPlatforms) = postSolution
		{D718B3D7-977F-48C0-958A-C94261F6AB9D}.Debug|x64.ActiveCfg = Debug|x64
		{D718B3D7-977F-48C0-958A-C94261F6AB9D}.Debug|x64.Build.0 = Debug|x64
		{D718B3D7-977F-48C0-958A-C94261F6AB9D}.Debug|x86.ActiveCfg = Debug|Win32
		{D718B3D7-977F-48C0-958A-C94261F6AB9D}.Debug|x86.Build.0 = Debug|Win32
		{D718B3D7-977F-48C0-958A-C94261F6AB9D}.Release|x64.ActiveCfg = Release|x64
		{D718B3D7-977F-48C0-958A-C94261F6AB9D}.Release|x64.Build.0 = Release|x64
		{D718B3D7-977F-48C0-958A-C94261F6AB9D}.Release|x86.ActiveCfg = Release|Win32
		{D718B3D7-977F-48C0-958A-C94261F6AB9D}.Release|x86.Build.0 = Release|Win32
	EndGlobalSection
	GlobalSection(SolutionProperties) = preSolution
		HideSolutionNode = FALSE
	EndGlobalSection
	GlobalSection(ExtensibilityGlobals) = postSolution
		SolutionGuid = {D4D8C527-9A1D-4299-AFE7-5AB88D703F03}
	EndGlobalSection
EndGlobal
